
Microsoft Visual Studio Solution File, Format Version 12.00
# Visual Studio Version 17
VisualStudioVersion = 17.6.33829.357
MinimumVisualStudioVersion = 10.0.40219.1
Project("{9A19103F-16F7-4668-BE54-9A1E7A4F7556}") = "carnation-backend", "carnation-backend\carnation-backend.csproj", "{D094787A-5E04-4495-BB94-49E9B18F95BE}"
EndProject
Project("{FAE04EC0-301F-11D3-BF4B-00C04F79EFBC}") = "carnation-backend-test", "carnation-backend-test\carnation-backend-test.csproj", "{FAE046AF-2ED6-4B9B-A514-7E3F507A4B7C}"
EndProject
Global
	GlobalSection(SolutionConfigurationPlatforms) = preSolution
		Debug|Any CPU = Debug|Any CPU
		Release|Any CPU = Release|Any CPU
	EndGlobalSection
	GlobalSection(ProjectConfigurationPlatforms) = postSolution
		{D094787A-5E04-4495-BB94-49E9B18F95BE}.Debug|Any CPU.ActiveCfg = Debug|Any CPU
		{D094787A-5E04-4495-BB94-49E9B18F95BE}.Debug|Any CPU.Build.0 = Debug|Any CPU
		{D094787A-5E04-4495-BB94-49E9B18F95BE}.Release|Any CPU.ActiveCfg = Release|Any CPU
		{D094787A-5E04-4495-BB94-49E9B18F95BE}.Release|Any CPU.Build.0 = Release|Any CPU
		{FAE046AF-2ED6-4B9B-A514-7E3F507A4B7C}.Debug|Any CPU.ActiveCfg = Debug|Any CPU
		{FAE046AF-2ED6-4B9B-A514-7E3F507A4B7C}.Debug|Any CPU.Build.0 = Debug|Any CPU
		{FAE046AF-2ED6-4B9B-A514-7E3F507A4B7C}.Release|Any CPU.ActiveCfg = Release|Any CPU
		{FAE046AF-2ED6-4B9B-A514-7E3F507A4B7C}.Release|Any CPU.Build.0 = Release|Any CPU
	EndGlobalSection
	GlobalSection(SolutionProperties) = preSolution
		HideSolutionNode = FALSE
	EndGlobalSection
	GlobalSection(ExtensibilityGlobals) = postSolution
		SolutionGuid = {02709C6F-566D-48E1-A99E-8E31EA119DE7}
	EndGlobalSection
EndGlobal
